
Microsoft Visual Studio Solution File, Format Version 12.00
Project("{FAE04EC0-301F-11D3-BF4B-00C04F79EFBC}") = "MetadataScrapper", "MetadataScrapper\MetadataScrapper.csproj", "{42235754-29C1-4A32-AF26-AD72E98879A2}"
EndProject
Project("{FAE04EC0-301F-11D3-BF4B-00C04F79EFBC}") = "MetadataAPI", "MetadataAPI\MetadataAPI.csproj", "{C64A60C0-6AB3-423A-8B2B-6260A88E700E}"
EndProject
Global
	GlobalSection(SolutionConfigurationPlatforms) = preSolution
		Debug|Any CPU = Debug|Any CPU
		Release|Any CPU = Release|Any CPU
	EndGlobalSection
	GlobalSection(ProjectConfigurationPlatforms) = postSolution
		{42235754-29C1-4A32-AF26-AD72E98879A2}.Debug|Any CPU.ActiveCfg = Debug|Any CPU
		{42235754-29C1-4A32-AF26-AD72E98879A2}.Debug|Any CPU.Build.0 = Debug|Any CPU
		{42235754-29C1-4A32-AF26-AD72E98879A2}.Release|Any CPU.ActiveCfg = Release|Any CPU
		{42235754-29C1-4A32-AF26-AD72E98879A2}.Release|Any CPU.Build.0 = Release|Any CPU
		{C64A60C0-6AB3-423A-8B2B-6260A88E700E}.Debug|Any CPU.ActiveCfg = Debug|Any CPU
		{C64A60C0-6AB3-423A-8B2B-6260A88E700E}.Debug|Any CPU.Build.0 = Debug|Any CPU
		{C64A60C0-6AB3-423A-8B2B-6260A88E700E}.Release|Any CPU.ActiveCfg = Release|Any CPU
		{C64A60C0-6AB3-423A-8B2B-6260A88E700E}.Release|Any CPU.Build.0 = Release|Any CPU
	EndGlobalSection
EndGlobal
